
Microsoft Visual Studio Solution File, Format Version 12.00
# Visual Studio Version 17
VisualStudioVersion = 17.4.33213.308
MinimumVisualStudioVersion = 10.0.40219.1
Project("{FAE04EC0-301F-11D3-BF4B-00C04F79EFBC}") = "ActvidadSemana7EjercicioFor", "ActvidadSemana7EjercicioFor\ActvidadSemana7EjercicioFor.csproj", "{7F46BE5C-59AE-40D9-8C46-0A832207B7E0}"
EndProject
Global
	GlobalSection(SolutionConfigurationPlatforms) = preSolution
		Debug|Any CPU = Debug|Any CPU
		Release|Any CPU = Release|Any CPU
	EndGlobalSection
	GlobalSection(ProjectConfigurationPlatforms) = postSolution
		{7F46BE5C-59AE-40D9-8C46-0A832207B7E0}.Debug|Any CPU.ActiveCfg = Debug|Any CPU
		{7F46BE5C-59AE-40D9-8C46-0A832207B7E0}.Debug|Any CPU.Build.0 = Debug|Any CPU
		{7F46BE5C-59AE-40D9-8C46-0A832207B7E0}.Release|Any CPU.ActiveCfg = Release|Any CPU
		{7F46BE5C-59AE-40D9-8C46-0A832207B7E0}.Release|Any CPU.Build.0 = Release|Any CPU
	EndGlobalSection
	GlobalSection(SolutionProperties) = preSolution
		HideSolutionNode = FALSE
	EndGlobalSection
	GlobalSection(ExtensibilityGlobals) = postSolution
		SolutionGuid = {50228E46-2A44-49FF-A778-1C936A6406F8}
	EndGlobalSection
EndGlobal
